
Microsoft Visual Studio Solution File, Format Version 12.00
# Visual Studio Version 17
VisualStudioVersion = 17.3.32901.215
MinimumVisualStudioVersion = 10.0.40219.1
Project("{FAE04EC0-301F-11D3-BF4B-00C04F79EFBC}") = "koloszad 1", "koloszad 1\koloszad 1.csproj", "{6845BBB7-6161-400E-A555-D0D62BF927A1}"
EndProject
Global
	GlobalSection(SolutionConfigurationPlatforms) = preSolution
		Debug|Any CPU = Debug|Any CPU
		Release|Any CPU = Release|Any CPU
	EndGlobalSection
	GlobalSection(ProjectConfigurationPlatforms) = postSolution
		{6845BBB7-6161-400E-A555-D0D62BF927A1}.Debug|Any CPU.ActiveCfg = Debug|Any CPU
		{6845BBB7-6161-400E-A555-D0D62BF927A1}.Debug|Any CPU.Build.0 = Debug|Any CPU
		{6845BBB7-6161-400E-A555-D0D62BF927A1}.Release|Any CPU.ActiveCfg = Release|Any CPU
		{6845BBB7-6161-400E-A555-D0D62BF927A1}.Release|Any CPU.Build.0 = Release|Any CPU
	EndGlobalSection
	GlobalSection(SolutionProperties) = preSolution
		HideSolutionNode = FALSE
	EndGlobalSection
	GlobalSection(ExtensibilityGlobals) = postSolution
		SolutionGuid = {C1DEA680-B68B-4E57-8F87-34C3B83F9ABC}
	EndGlobalSection
EndGlobal
